// !$*UTF8*$!
{
	archiveVersion = 1;
	classes = {
	};
	objectVersion = 46;
	objects = {

/* Begin PBXBuildFile section */
		298E0C1F9EA4CF99D3A11654 /* Pods_IOSExample.framework in Frameworks */ = {isa = PBXBuildFile; fileRef = 95AAEB092113AA4EDD1146EE /* Pods_IOSExample.framework */; };
		9228A7841F03143000985134 /* AddHandlerViewController.swift in Sources */ = {isa = PBXBuildFile; fileRef = 9228A7751F03143000985134 /* AddHandlerViewController.swift */; };
		9228A7851F03143000985134 /* AppDelegate.swift in Sources */ = {isa = PBXBuildFile; fileRef = 9228A7761F03143000985134 /* AppDelegate.swift */; };
		9228A7861F03143000985134 /* Assets.xcassets in Resources */ = {isa = PBXBuildFile; fileRef = 9228A7771F03143000985134 /* Assets.xcassets */; };
		9228A7871F03143000985134 /* LaunchScreen.storyboard in Resources */ = {isa = PBXBuildFile; fileRef = 9228A7781F03143000985134 /* LaunchScreen.storyboard */; };
		9228A7881F03143000985134 /* Main.storyboard in Resources */ = {isa = PBXBuildFile; fileRef = 9228A77A1F03143000985134 /* Main.storyboard */; };
		9228A7891F03143000985134 /* MWSegmentedControl.swift in Sources */ = {isa = PBXBuildFile; fileRef = 9228A77D1F03143000985134 /* MWSegmentedControl.swift */; };
		9228A78B1F03143000985134 /* MainViewController.swift in Sources */ = {isa = PBXBuildFile; fileRef = 9228A7811F03143000985134 /* MainViewController.swift */; };
		9228A78C1F03143000985134 /* TreeNodeView.swift in Sources */ = {isa = PBXBuildFile; fileRef = 9228A7821F03143000985134 /* TreeNodeView.swift */; };
		9228A78D1F03143000985134 /* TreeNodeView.xib in Resources */ = {isa = PBXBuildFile; fileRef = 9228A7831F03143000985134 /* TreeNodeView.xib */; };
/* End PBXBuildFile section */

/* Begin PBXFileReference section */
		153AA5998ED34A084A57751A /* Pods_EventNodeExample.framework */ = {isa = PBXFileReference; explicitFileType = wrapper.framework; includeInIndex = 0; path = Pods_EventNodeExample.framework; sourceTree = BUILT_PRODUCTS_DIR; };
		18A991FE80759882AF78D28C /* Pods-IOSExample.debug.xcconfig */ = {isa = PBXFileReference; includeInIndex = 1; lastKnownFileType = text.xcconfig; name = "Pods-IOSExample.debug.xcconfig"; path = "Pods/Target Support Files/Pods-IOSExample/Pods-IOSExample.debug.xcconfig"; sourceTree = "<group>"; };
		1907898DFE1ADB0CC95F3913 /* Pods-EventsTreeiOSExampleTests.release.xcconfig */ = {isa = PBXFileReference; includeInIndex = 1; lastKnownFileType = text.xcconfig; name = "Pods-EventsTreeiOSExampleTests.release.xcconfig"; path = "Pods/Target Support Files/Pods-EventsTreeiOSExampleTests/Pods-EventsTreeiOSExampleTests.release.xcconfig"; sourceTree = "<group>"; };
		294A5DCAAAFA7CD37E703C0A /* Pods-IOSExample.release.xcconfig */ = {isa = PBXFileReference; includeInIndex = 1; lastKnownFileType = text.xcconfig; name = "Pods-IOSExample.release.xcconfig"; path = "Pods/Target Support Files/Pods-IOSExample/Pods-IOSExample.release.xcconfig"; sourceTree = "<group>"; };
		38EFC25441ED9DDB8134DD61 /* Pods_EventsTreeiOSExample.framework */ = {isa = PBXFileReference; explicitFileType = wrapper.framework; includeInIndex = 0; path = Pods_EventsTreeiOSExample.framework; sourceTree = BUILT_PRODUCTS_DIR; };
		3A2B8DAAA45663AD69C5F782 /* Pods-EventNodeExample.release.xcconfig */ = {isa = PBXFileReference; includeInIndex = 1; lastKnownFileType = text.xcconfig; name = "Pods-EventNodeExample.release.xcconfig"; path = "Pods/Target Support Files/Pods-EventNodeExample/Pods-EventNodeExample.release.xcconfig"; sourceTree = "<group>"; };
		750CCC70BB759AF9A202C469 /* Pods-EventNodeExample.debug.xcconfig */ = {isa = PBXFileReference; includeInIndex = 1; lastKnownFileType = text.xcconfig; name = "Pods-EventNodeExample.debug.xcconfig"; path = "Pods/Target Support Files/Pods-EventNodeExample/Pods-EventNodeExample.debug.xcconfig"; sourceTree = "<group>"; };
		8E4EE5648053AE9704993210 /* Pods-EventsTreeiOSExample.release.xcconfig */ = {isa = PBXFileReference; includeInIndex = 1; lastKnownFileType = text.xcconfig; name = "Pods-EventsTreeiOSExample.release.xcconfig"; path = "Pods/Target Support Files/Pods-EventsTreeiOSExample/Pods-EventsTreeiOSExample.release.xcconfig"; sourceTree = "<group>"; };
		9228A7701F03114100985134 /* Package.swift */ = {isa = PBXFileReference; fileEncoding = 4; lastKnownFileType = sourcecode.swift; path = Package.swift; sourceTree = "<group>"; };
		9228A7751F03143000985134 /* AddHandlerViewController.swift */ = {isa = PBXFileReference; fileEncoding = 4; lastKnownFileType = sourcecode.swift; path = AddHandlerViewController.swift; sourceTree = "<group>"; };
		9228A7761F03143000985134 /* AppDelegate.swift */ = {isa = PBXFileReference; fileEncoding = 4; lastKnownFileType = sourcecode.swift; path = AppDelegate.swift; sourceTree = "<group>"; };
		9228A7771F03143000985134 /* Assets.xcassets */ = {isa = PBXFileReference; lastKnownFileType = folder.assetcatalog; path = Assets.xcassets; sourceTree = "<group>"; };
		9228A7791F03143000985134 /* Base */ = {isa = PBXFileReference; lastKnownFileType = file.storyboard; name = Base; path = Base.lproj/LaunchScreen.storyboard; sourceTree = "<group>"; };
		9228A77B1F03143000985134 /* Base */ = {isa = PBXFileReference; lastKnownFileType = file.storyboard; name = Base; path = Base.lproj/Main.storyboard; sourceTree = "<group>"; };
		9228A77D1F03143000985134 /* MWSegmentedControl.swift */ = {isa = PBXFileReference; fileEncoding = 4; lastKnownFileType = sourcecode.swift; path = MWSegmentedControl.swift; sourceTree = "<group>"; };
		9228A77F1F03143000985134 /* Info.plist */ = {isa = PBXFileReference; fileEncoding = 4; lastKnownFileType = text.plist.xml; path = Info.plist; sourceTree = "<group>"; };
		9228A7811F03143000985134 /* MainViewController.swift */ = {isa = PBXFileReference; fileEncoding = 4; lastKnownFileType = sourcecode.swift; path = MainViewController.swift; sourceTree = "<group>"; };
		9228A7821F03143000985134 /* TreeNodeView.swift */ = {isa = PBXFileReference; fileEncoding = 4; lastKnownFileType = sourcecode.swift; path = TreeNodeView.swift; sourceTree = "<group>"; };
		9228A7831F03143000985134 /* TreeNodeView.xib */ = {isa = PBXFileReference; fileEncoding = 4; lastKnownFileType = file.xib; path = TreeNodeView.xib; sourceTree = "<group>"; };
		92C763C21EFACBF9007F2C30 /* IOSExample.app */ = {isa = PBXFileReference; explicitFileType = wrapper.application; includeInIndex = 0; path = IOSExample.app; sourceTree = BUILT_PRODUCTS_DIR; };
		95AAEB092113AA4EDD1146EE /* Pods_IOSExample.framework */ = {isa = PBXFileReference; explicitFileType = wrapper.framework; includeInIndex = 0; path = Pods_IOSExample.framework; sourceTree = BUILT_PRODUCTS_DIR; };
		984B62A462ABDDE309FFA395 /* Pods-EventsTreeiOSExample.debug.xcconfig */ = {isa = PBXFileReference; includeInIndex = 1; lastKnownFileType = text.xcconfig; name = "Pods-EventsTreeiOSExample.debug.xcconfig"; path = "Pods/Target Support Files/Pods-EventsTreeiOSExample/Pods-EventsTreeiOSExample.debug.xcconfig"; sourceTree = "<group>"; };
		A048893C41867DEFDABF3E13 /* Pods-EventNodeExampleTests.release.xcconfig */ = {isa = PBXFileReference; includeInIndex = 1; lastKnownFileType = text.xcconfig; name = "Pods-EventNodeExampleTests.release.xcconfig"; path = "Pods/Target Support Files/Pods-EventNodeExampleTests/Pods-EventNodeExampleTests.release.xcconfig"; sourceTree = "<group>"; };
		ADD2FCFE8264F8EDD8BD0B8D /* Pods-EventNodeExampleTests.debug.xcconfig */ = {isa = PBXFileReference; includeInIndex = 1; lastKnownFileType = text.xcconfig; name = "Pods-EventNodeExampleTests.debug.xcconfig"; path = "Pods/Target Support Files/Pods-EventNodeExampleTests/Pods-EventNodeExampleTests.debug.xcconfig"; sourceTree = "<group>"; };
		BB2B699077A846A869AD681A /* Pods_EventNodeExampleTests.framework */ = {isa = PBXFileReference; explicitFileType = wrapper.framework; includeInIndex = 0; path = Pods_EventNodeExampleTests.framework; sourceTree = BUILT_PRODUCTS_DIR; };
		ED2BFF51656F40B6316A038D /* Pods_EventsTreeiOSExampleTests.framework */ = {isa = PBXFileReference; explicitFileType = wrapper.framework; includeInIndex = 0; path = Pods_EventsTreeiOSExampleTests.framework; sourceTree = BUILT_PRODUCTS_DIR; };
		F75DBA99894B76D0EE6BD080 /* Pods-EventsTreeiOSExampleTests.debug.xcconfig */ = {isa = PBXFileReference; includeInIndex = 1; lastKnownFileType = text.xcconfig; name = "Pods-EventsTreeiOSExampleTests.debug.xcconfig"; path = "Pods/Target Support Files/Pods-EventsTreeiOSExampleTests/Pods-EventsTreeiOSExampleTests.debug.xcconfig"; sourceTree = "<group>"; };
/* End PBXFileReference section */

/* Begin PBXFrameworksBuildPhase section */
		92C763BF1EFACBF9007F2C30 /* Frameworks */ = {
			isa = PBXFrameworksBuildPhase;
			buildActionMask = 2147483647;
			files = (
				298E0C1F9EA4CF99D3A11654 /* Pods_IOSExample.framework in Frameworks */,
			);
			runOnlyForDeploymentPostprocessing = 0;
		};
/* End PBXFrameworksBuildPhase section */

/* Begin PBXGroup section */
		3B52415A56CD7109D2639450 /* Frameworks */ = {
			isa = PBXGroup;
			children = (
				153AA5998ED34A084A57751A /* Pods_EventNodeExample.framework */,
				BB2B699077A846A869AD681A /* Pods_EventNodeExampleTests.framework */,
				38EFC25441ED9DDB8134DD61 /* Pods_EventsTreeiOSExample.framework */,
				ED2BFF51656F40B6316A038D /* Pods_EventsTreeiOSExampleTests.framework */,
				95AAEB092113AA4EDD1146EE /* Pods_IOSExample.framework */,
			);
			name = Frameworks;
			sourceTree = "<group>";
		};
		54F3C7DBF6F2E08FFE07BFBE /* Pods */ = {
			isa = PBXGroup;
			children = (
				750CCC70BB759AF9A202C469 /* Pods-EventNodeExample.debug.xcconfig */,
				3A2B8DAAA45663AD69C5F782 /* Pods-EventNodeExample.release.xcconfig */,
				ADD2FCFE8264F8EDD8BD0B8D /* Pods-EventNodeExampleTests.debug.xcconfig */,
				A048893C41867DEFDABF3E13 /* Pods-EventNodeExampleTests.release.xcconfig */,
				984B62A462ABDDE309FFA395 /* Pods-EventsTreeiOSExample.debug.xcconfig */,
				8E4EE5648053AE9704993210 /* Pods-EventsTreeiOSExample.release.xcconfig */,
				F75DBA99894B76D0EE6BD080 /* Pods-EventsTreeiOSExampleTests.debug.xcconfig */,
				1907898DFE1ADB0CC95F3913 /* Pods-EventsTreeiOSExampleTests.release.xcconfig */,
				18A991FE80759882AF78D28C /* Pods-IOSExample.debug.xcconfig */,
				294A5DCAAAFA7CD37E703C0A /* Pods-IOSExample.release.xcconfig */,
			);
			name = Pods;
			sourceTree = "<group>";
		};
		9228A7721F03143000985134 /* Sources */ = {
			isa = PBXGroup;
			children = (
				9228A7731F03143000985134 /* IOSExample */,
			);
			path = Sources;
			sourceTree = "<group>";
		};
		9228A7731F03143000985134 /* IOSExample */ = {
			isa = PBXGroup;
			children = (
				9228A7741F03143000985134 /* AddHandler */,
				9228A7761F03143000985134 /* AppDelegate.swift */,
				9228A7771F03143000985134 /* Assets.xcassets */,
				9228A7781F03143000985134 /* LaunchScreen.storyboard */,
				9228A77A1F03143000985134 /* Main.storyboard */,
				9228A77C1F03143000985134 /* External */,
				9228A77F1F03143000985134 /* Info.plist */,
				9228A7801F03143000985134 /* Main */,
			);
			path = IOSExample;
			sourceTree = "<group>";
		};
		9228A7741F03143000985134 /* AddHandler */ = {
			isa = PBXGroup;
			children = (
				9228A7751F03143000985134 /* AddHandlerViewController.swift */,
			);
			path = AddHandler;
			sourceTree = "<group>";
		};
		9228A77C1F03143000985134 /* External */ = {
			isa = PBXGroup;
			children = (
				9228A77D1F03143000985134 /* MWSegmentedControl.swift */,
			);
			path = External;
			sourceTree = "<group>";
		};
		9228A7801F03143000985134 /* Main */ = {
			isa = PBXGroup;
			children = (
				9228A7811F03143000985134 /* MainViewController.swift */,
				9228A7821F03143000985134 /* TreeNodeView.swift */,
				9228A7831F03143000985134 /* TreeNodeView.xib */,
			);
			path = Main;
			sourceTree = "<group>";
		};
		92C763B91EFACBF9007F2C30 = {
			isa = PBXGroup;
			children = (
				9228A7721F03143000985134 /* Sources */,
				9228A7701F03114100985134 /* Package.swift */,
				92C763C31EFACBF9007F2C30 /* Products */,
				54F3C7DBF6F2E08FFE07BFBE /* Pods */,
				3B52415A56CD7109D2639450 /* Frameworks */,
			);
			sourceTree = "<group>";
		};
		92C763C31EFACBF9007F2C30 /* Products */ = {
			isa = PBXGroup;
			children = (
				92C763C21EFACBF9007F2C30 /* IOSExample.app */,
			);
			name = Products;
			sourceTree = "<group>";
		};
/* End PBXGroup section */

/* Begin PBXNativeTarget section */
		92C763C11EFACBF9007F2C30 /* IOSExample */ = {
			isa = PBXNativeTarget;
			buildConfigurationList = 92C763DF1EFACBF9007F2C30 /* Build configuration list for PBXNativeTarget "IOSExample" */;
			buildPhases = (
				EE7B219573F162C3C85B06DA /* [CP] Check Pods Manifest.lock */,
				92C763BE1EFACBF9007F2C30 /* Sources */,
				92C763BF1EFACBF9007F2C30 /* Frameworks */,
				92C763C01EFACBF9007F2C30 /* Resources */,
				59B4BC437E80EFD3C715F29C /* [CP] Embed Pods Frameworks */,
			);
			buildRules = (
			);
			dependencies = (
			);
			name = IOSExample;
			productName = EventNodeExample;
			productReference = 92C763C21EFACBF9007F2C30 /* IOSExample.app */;
			productType = "com.apple.product-type.application";
		};
/* End PBXNativeTarget section */

/* Begin PBXProject section */
		92C763BA1EFACBF9007F2C30 /* Project object */ = {
			isa = PBXProject;
			attributes = {
				LastSwiftUpdateCheck = 0830;
				LastUpgradeCheck = 0830;
				ORGANIZATIONNAME = DarthRumata;
				TargetAttributes = {
					92C763C11EFACBF9007F2C30 = {
						CreatedOnToolsVersion = 8.3.3;
						DevelopmentTeam = 4GS5NBU7N5;
						LastSwiftMigration = 1010;
						ProvisioningStyle = Automatic;
					};
				};
			};
			buildConfigurationList = 92C763BD1EFACBF9007F2C30 /* Build configuration list for PBXProject "EventsTreeiOSExample" */;
			compatibilityVersion = "Xcode 3.2";
			developmentRegion = English;
			hasScannedForEncodings = 0;
			knownRegions = (
				en,
				Base,
			);
			mainGroup = 92C763B91EFACBF9007F2C30;
			productRefGroup = 92C763C31EFACBF9007F2C30 /* Products */;
			projectDirPath = "";
			projectRoot = "";
			targets = (
				92C763C11EFACBF9007F2C30 /* IOSExample */,
			);
		};
/* End PBXProject section */

/* Begin PBXResourcesBuildPhase section */
		92C763C01EFACBF9007F2C30 /* Resources */ = {
			isa = PBXResourcesBuildPhase;
			buildActionMask = 2147483647;
			files = (
				9228A78D1F03143000985134 /* TreeNodeView.xib in Resources */,
				9228A7881F03143000985134 /* Main.storyboard in Resources */,
				9228A7861F03143000985134 /* Assets.xcassets in Resources */,
				9228A7871F03143000985134 /* LaunchScreen.storyboard in Resources */,
			);
			runOnlyForDeploymentPostprocessing = 0;
		};
/* End PBXResourcesBuildPhase section */

/* Begin PBXShellScriptBuildPhase section */
		59B4BC437E80EFD3C715F29C /* [CP] Embed Pods Frameworks */ = {
			isa = PBXShellScriptBuildPhase;
			buildActionMask = 2147483647;
			files = (
			);
			inputPaths = (
				"${PODS_ROOT}/Target Support Files/Pods-IOSExample/Pods-IOSExample-frameworks.sh",
				"${BUILT_PRODUCTS_DIR}/AMPopTip/AMPopTip.framework",
				"${BUILT_PRODUCTS_DIR}/EventsTree/EventsTree.framework",
			);
			name = "[CP] Embed Pods Frameworks";
			outputPaths = (
				"${TARGET_BUILD_DIR}/${FRAMEWORKS_FOLDER_PATH}/AMPopTip.framework",
				"${TARGET_BUILD_DIR}/${FRAMEWORKS_FOLDER_PATH}/EventsTree.framework",
			);
			runOnlyForDeploymentPostprocessing = 0;
			shellPath = /bin/sh;
			shellScript = "\"${PODS_ROOT}/Target Support Files/Pods-IOSExample/Pods-IOSExample-frameworks.sh\"\n";
			showEnvVarsInLog = 0;
		};
		EE7B219573F162C3C85B06DA /* [CP] Check Pods Manifest.lock */ = {
			isa = PBXShellScriptBuildPhase;
			buildActionMask = 2147483647;
			files = (
			);
			inputPaths = (
				"${PODS_PODFILE_DIR_PATH}/Podfile.lock",
				"${PODS_ROOT}/Manifest.lock",
			);
			name = "[CP] Check Pods Manifest.lock";
			outputPaths = (
				"$(DERIVED_FILE_DIR)/Pods-IOSExample-checkManifestLockResult.txt",
			);
			runOnlyForDeploymentPostprocessing = 0;
			shellPath = /bin/sh;
			shellScript = "diff \"${PODS_PODFILE_DIR_PATH}/Podfile.lock\" \"${PODS_ROOT}/Manifest.lock\" > /dev/null\nif [ $? != 0 ] ; then\n    # print error to STDERR\n    echo \"error: The sandbox is not in sync with the Podfile.lock. Run 'pod install' or update your CocoaPods installation.\" >&2\n    exit 1\nfi\n# This output is used by Xcode 'outputs' to avoid re-running this script phase.\necho \"SUCCESS\" > \"${SCRIPT_OUTPUT_FILE_0}\"\n";
			showEnvVarsInLog = 0;
		};
/* End PBXShellScriptBuildPhase section */

/* Begin PBXSourcesBuildPhase section */
		92C763BE1EFACBF9007F2C30 /* Sources */ = {
			isa = PBXSourcesBuildPhase;
			buildActionMask = 2147483647;
			files = (
				9228A7851F03143000985134 /* AppDelegate.swift in Sources */,
				9228A7841F03143000985134 /* AddHandlerViewController.swift in Sources */,
				9228A7891F03143000985134 /* MWSegmentedControl.swift in Sources */,
				9228A78B1F03143000985134 /* MainViewController.swift in Sources */,
				9228A78C1F03143000985134 /* TreeNodeView.swift in Sources */,
			);
			runOnlyForDeploymentPostprocessing = 0;
		};
/* End PBXSourcesBuildPhase section */

/* Begin PBXVariantGroup section */
		9228A7781F03143000985134 /* LaunchScreen.storyboard */ = {
			isa = PBXVariantGroup;
			children = (
				9228A7791F03143000985134 /* Base */,
			);
			name = LaunchScreen.storyboard;
			sourceTree = "<group>";
		};
		9228A77A1F03143000985134 /* Main.storyboard */ = {
			isa = PBXVariantGroup;
			children = (
				9228A77B1F03143000985134 /* Base */,
			);
			name = Main.storyboard;
			sourceTree = "<group>";
		};
/* End PBXVariantGroup section */

/* Begin XCBuildConfiguration section */
		92C763DD1EFACBF9007F2C30 /* Debug */ = {
			isa = XCBuildConfiguration;
			buildSettings = {
				ALWAYS_SEARCH_USER_PATHS = NO;
				CLANG_ANALYZER_NONNULL = YES;
				CLANG_ANALYZER_NUMBER_OBJECT_CONVERSION = YES_AGGRESSIVE;
				CLANG_CXX_LANGUAGE_STANDARD = "gnu++0x";
				CLANG_CXX_LIBRARY = "libc++";
				CLANG_ENABLE_MODULES = YES;
				CLANG_ENABLE_OBJC_ARC = YES;
				CLANG_WARN_BOOL_CONVERSION = YES;
				CLANG_WARN_CONSTANT_CONVERSION = YES;
				CLANG_WARN_DIRECT_OBJC_ISA_USAGE = YES_ERROR;
				CLANG_WARN_DOCUMENTATION_COMMENTS = YES;
				CLANG_WARN_EMPTY_BODY = YES;
				CLANG_WARN_ENUM_CONVERSION = YES;
				CLANG_WARN_INFINITE_RECURSION = YES;
				CLANG_WARN_INT_CONVERSION = YES;
				CLANG_WARN_OBJC_ROOT_CLASS = YES_ERROR;
				CLANG_WARN_SUSPICIOUS_MOVE = YES;
				CLANG_WARN_UNREACHABLE_CODE = YES;
				CLANG_WARN__DUPLICATE_METHOD_MATCH = YES;
				"CODE_SIGN_IDENTITY[sdk=iphoneos*]" = "iPhone Developer";
				COPY_PHASE_STRIP = NO;
				DEBUG_INFORMATION_FORMAT = dwarf;
				ENABLE_STRICT_OBJC_MSGSEND = YES;
				ENABLE_TESTABILITY = YES;
				GCC_C_LANGUAGE_STANDARD = gnu99;
				GCC_DYNAMIC_NO_PIC = NO;
				GCC_NO_COMMON_BLOCKS = YES;
				GCC_OPTIMIZATION_LEVEL = 0;
				GCC_PREPROCESSOR_DEFINITIONS = (
					"DEBUG=1",
					"$(inherited)",
				);
				GCC_WARN_64_TO_32_BIT_CONVERSION = YES;
				GCC_WARN_ABOUT_RETURN_TYPE = YES_ERROR;
				GCC_WARN_UNDECLARED_SELECTOR = YES;
				GCC_WARN_UNINITIALIZED_AUTOS = YES_AGGRESSIVE;
				GCC_WARN_UNUSED_FUNCTION = YES;
				GCC_WARN_UNUSED_VARIABLE = YES;
				IPHONEOS_DEPLOYMENT_TARGET = 9.0;
				MTL_ENABLE_DEBUG_INFO = YES;
				ONLY_ACTIVE_ARCH = YES;
				SDKROOT = iphoneos;
				SWIFT_ACTIVE_COMPILATION_CONDITIONS = DEBUG;
				SWIFT_OPTIMIZATION_LEVEL = "-Onone";
				TARGETED_DEVICE_FAMILY = "1,2";
			};
			name = Debug;
		};
		92C763DE1EFACBF9007F2C30 /* Release */ = {
			isa = XCBuildConfiguration;
			buildSettings = {
				ALWAYS_SEARCH_USER_PATHS = NO;
				CLANG_ANALYZER_NONNULL = YES;
				CLANG_ANALYZER_NUMBER_OBJECT_CONVERSION = YES_AGGRESSIVE;
				CLANG_CXX_LANGUAGE_STANDARD = "gnu++0x";
				CLANG_CXX_LIBRARY = "libc++";
				CLANG_ENABLE_MODULES = YES;
				CLANG_ENABLE_OBJC_ARC = YES;
				CLANG_WARN_BOOL_CONVERSION = YES;
				CLANG_WARN_CONSTANT_CONVERSION = YES;
				CLANG_WARN_DIRECT_OBJC_ISA_USAGE = YES_ERROR;
				CLANG_WARN_DOCUMENTATION_COMMENTS = YES;
				CLANG_WARN_EMPTY_BODY = YES;
				CLANG_WARN_ENUM_CONVERSION = YES;
				CLANG_WARN_INFINITE_RECURSION = YES;
				CLANG_WARN_INT_CONVERSION = YES;
				CLANG_WARN_OBJC_ROOT_CLASS = YES_ERROR;
				CLANG_WARN_SUSPICIOUS_MOVE = YES;
				CLANG_WARN_UNREACHABLE_CODE = YES;
				CLANG_WARN__DUPLICATE_METHOD_MATCH = YES;
				"CODE_SIGN_IDENTITY[sdk=iphoneos*]" = "iPhone Developer";
				COPY_PHASE_STRIP = NO;
				DEBUG_INFORMATION_FORMAT = "dwarf-with-dsym";
				ENABLE_NS_ASSERTIONS = NO;
				ENABLE_STRICT_OBJC_MSGSEND = YES;
				GCC_C_LANGUAGE_STANDARD = gnu99;
				GCC_NO_COMMON_BLOCKS = YES;
				GCC_WARN_64_TO_32_BIT_CONVERSION = YES;
				GCC_WARN_ABOUT_RETURN_TYPE = YES_ERROR;
				GCC_WARN_UNDECLARED_SELECTOR = YES;
				GCC_WARN_UNINITIALIZED_AUTOS = YES_AGGRESSIVE;
				GCC_WARN_UNUSED_FUNCTION = YES;
				GCC_WARN_UNUSED_VARIABLE = YES;
				IPHONEOS_DEPLOYMENT_TARGET = 9.0;
				MTL_ENABLE_DEBUG_INFO = NO;
				SDKROOT = iphoneos;
				SWIFT_OPTIMIZATION_LEVEL = "-Owholemodule";
				TARGETED_DEVICE_FAMILY = "1,2";
				VALIDATE_PRODUCT = YES;
			};
			name = Release;
		};
		92C763E01EFACBF9007F2C30 /* Debug */ = {
			isa = XCBuildConfiguration;
			baseConfigurationReference = 18A991FE80759882AF78D28C /* Pods-IOSExample.debug.xcconfig */;
			buildSettings = {
				ASSETCATALOG_COMPILER_APPICON_NAME = AppIcon;
				DEVELOPMENT_TEAM = 4GS5NBU7N5;
				INFOPLIST_FILE = "$(SRCROOT)/Sources/IOSExample/Info.plist";
				IPHONEOS_DEPLOYMENT_TARGET = 9.0;
				LD_RUNPATH_SEARCH_PATHS = "$(inherited) @executable_path/Frameworks";
				PRODUCT_BUNDLE_IDENTIFIER = darthrumata.com.EventNodeExample;
				PRODUCT_NAME = "$(TARGET_NAME)";
				SWIFT_SWIFT3_OBJC_INFERENCE = On;
				SWIFT_VERSION = 4.2;
			};
			name = Debug;
		};
		92C763E11EFACBF9007F2C30 /* Release */ = {
			isa = XCBuildConfiguration;
			baseConfigurationReference = 294A5DCAAAFA7CD37E703C0A /* Pods-IOSExample.release.xcconfig */;
			buildSettings = {
				ASSETCATALOG_COMPILER_APPICON_NAME = AppIcon;
				DEVELOPMENT_TEAM = 4GS5NBU7N5;
				INFOPLIST_FILE = "$(SRCROOT)/Sources/IOSExample/Info.plist";
				IPHONEOS_DEPLOYMENT_TARGET = 9.0;
				LD_RUNPATH_SEARCH_PATHS = "$(inherited) @executable_path/Frameworks";
				PRODUCT_BUNDLE_IDENTIFIER = darthrumata.com.EventNodeExample;
				PRODUCT_NAME = "$(TARGET_NAME)";
				SWIFT_SWIFT3_OBJC_INFERENCE = On;
				SWIFT_VERSION = 4.2;
			};
			name = Release;
		};
/* End XCBuildConfiguration section */

/* Begin XCConfigurationList section */
		92C763BD1EFACBF9007F2C30 /* Build configuration list for PBXProject "EventsTreeiOSExample" */ = {
			isa = XCConfigurationList;
			buildConfigurations = (
				92C763DD1EFACBF9007F2C30 /* Debug */,
				92C763DE1EFACBF9007F2C30 /* Release */,
			);
			defaultConfigurationIsVisible = 0;
			defaultConfigurationName = Release;
		};
		92C763DF1EFACBF9007F2C30 /* Build configuration list for PBXNativeTarget "IOSExample" */ = {
			isa = XCConfigurationList;
			buildConfigurations = (
				92C763E01EFACBF9007F2C30 /* Debug */,
				92C763E11EFACBF9007F2C30 /* Release */,
			);
			defaultConfigurationIsVisible = 0;
			defaultConfigurationName = Release;
		};
/* End XCConfigurationList section */
	};
	rootObject = 92C763BA1EFACBF9007F2C30 /* Project object */;
}
