PODS:
  - AMPopTip (2.1.6)
  - Events (0.1.0)

DEPENDENCIES:
  - AMPopTip (= 2.1.6)
  - Events (from `https://github.com/DarthRumata/EventNode.git`)

EXTERNAL SOURCES:
  Events:
    :git: https://github.com/DarthRumata/EventNode.git

CHECKOUT OPTIONS:
  Events:
    :commit: 136d32e47f5f30cbd1ed7252bd2b3f9a2daa84ac
    :git: https://github.com/DarthRumata/EventNode.git

SPEC CHECKSUMS:
  AMPopTip: 81f57556ae12500d30ff595078b1b6d11076ced8
  Events: 962e5d5bceeb941e62358351c606aa38baae5995

PODFILE CHECKSUM: 232581f6ed0f456d4de9d0eb35a4bf92068441d5

COCOAPODS: 1.2.1
