PODS:
  - AMPopTip (2.1.6)
  - EventsTree (0.1.3)

DEPENDENCIES:
  - AMPopTip (= 2.1.6)
  - EventsTree (~> 0.1)

SPEC CHECKSUMS:
  AMPopTip: 81f57556ae12500d30ff595078b1b6d11076ced8
  EventsTree: c9199f987f464101ab010bd7e54e64d6700c90ab

PODFILE CHECKSUM: 9de0c9600161eed09260d946aa90713e846120b8

COCOAPODS: 1.2.1
